// !$*UTF8*$!
{
	archiveVersion = 1;
	classes = {
	};
	objectVersion = 46;
	objects = {

/* Begin PBXBuildFile section */
		18AD9B6A98030EBFD11960BB /* Pods_InstagramTTTests.framework in Frameworks */ = {isa = PBXBuildFile; fileRef = 6CDFB6793CCFD113A8C98C0E /* Pods_InstagramTTTests.framework */; };
		CF5FE83DE7A4AF0F95E977BE /* Pods_InstagramTT.framework in Frameworks */ = {isa = PBXBuildFile; fileRef = B4E0DC6BD3903B4B7850D138 /* Pods_InstagramTT.framework */; };
		DC945CB11F1A45FA00755246 /* main.m in Sources */ = {isa = PBXBuildFile; fileRef = DC945CB01F1A45FA00755246 /* main.m */; };
		DC945CB41F1A45FA00755246 /* AppDelegate.m in Sources */ = {isa = PBXBuildFile; fileRef = DC945CB31F1A45FA00755246 /* AppDelegate.m */; };
		DC945CBA1F1A45FA00755246 /* Main.storyboard in Resources */ = {isa = PBXBuildFile; fileRef = DC945CB81F1A45FA00755246 /* Main.storyboard */; };
		DC945CBC1F1A45FA00755246 /* Assets.xcassets in Resources */ = {isa = PBXBuildFile; fileRef = DC945CBB1F1A45FA00755246 /* Assets.xcassets */; };
		DC945CBF1F1A45FA00755246 /* LaunchScreen.storyboard in Resources */ = {isa = PBXBuildFile; fileRef = DC945CBD1F1A45FA00755246 /* LaunchScreen.storyboard */; };
		DC945CCA1F1A45FA00755246 /* InstagramTTTests.m in Sources */ = {isa = PBXBuildFile; fileRef = DC945CC91F1A45FA00755246 /* InstagramTTTests.m */; };
		DC945CD71F1A4D8C00755246 /* PostsSearchView.m in Sources */ = {isa = PBXBuildFile; fileRef = DC945CD61F1A4D8C00755246 /* PostsSearchView.m */; };
		DC945CD91F1A501000755246 /* PostSearchPresenter.m in Sources */ = {isa = PBXBuildFile; fileRef = DC945CD81F1A501000755246 /* PostSearchPresenter.m */; };
		DC945CDD1F1A52E600755246 /* PostSearchModel.m in Sources */ = {isa = PBXBuildFile; fileRef = DC945CDC1F1A52E600755246 /* PostSearchModel.m */; };
		DC945CE11F1A583A00755246 /* InstagramService.m in Sources */ = {isa = PBXBuildFile; fileRef = DC945CE01F1A583A00755246 /* InstagramService.m */; };
		DC945CE91F1C10A300755246 /* LoginView.m in Sources */ = {isa = PBXBuildFile; fileRef = DC945CE81F1C10A300755246 /* LoginView.m */; };
		DC945CF11F1D0F7F00755246 /* Helpers.m in Sources */ = {isa = PBXBuildFile; fileRef = DC945CF01F1D0F7F00755246 /* Helpers.m */; };
		DC945CF81F1D235E00755246 /* PostCell.m in Sources */ = {isa = PBXBuildFile; fileRef = DC945CF61F1D235E00755246 /* PostCell.m */; };
		DC945CF91F1D235E00755246 /* PostCell.xib in Resources */ = {isa = PBXBuildFile; fileRef = DC945CF71F1D235E00755246 /* PostCell.xib */; };
/* End PBXBuildFile section */

/* Begin PBXContainerItemProxy section */
		DC945CC61F1A45FA00755246 /* PBXContainerItemProxy */ = {
			isa = PBXContainerItemProxy;
			containerPortal = DC945CA41F1A45FA00755246 /* Project object */;
			proxyType = 1;
			remoteGlobalIDString = DC945CAB1F1A45FA00755246;
			remoteInfo = InstagramTT;
		};
/* End PBXContainerItemProxy section */

/* Begin PBXFileReference section */
		3FC4BC7D5DB9EA3449BA0766 /* Pods-InstagramTTTests.release.xcconfig */ = {isa = PBXFileReference; includeInIndex = 1; lastKnownFileType = text.xcconfig; name = "Pods-InstagramTTTests.release.xcconfig"; path = "Pods/Target Support Files/Pods-InstagramTTTests/Pods-InstagramTTTests.release.xcconfig"; sourceTree = "<group>"; };
		6916FCD72F758E91AD86B5BA /* Pods-InstagramTT.debug.xcconfig */ = {isa = PBXFileReference; includeInIndex = 1; lastKnownFileType = text.xcconfig; name = "Pods-InstagramTT.debug.xcconfig"; path = "Pods/Target Support Files/Pods-InstagramTT/Pods-InstagramTT.debug.xcconfig"; sourceTree = "<group>"; };
		6CDFB6793CCFD113A8C98C0E /* Pods_InstagramTTTests.framework */ = {isa = PBXFileReference; explicitFileType = wrapper.framework; includeInIndex = 0; path = Pods_InstagramTTTests.framework; sourceTree = BUILT_PRODUCTS_DIR; };
		77981E872AA65A6F709E2DA4 /* Pods-InstagramTT.release.xcconfig */ = {isa = PBXFileReference; includeInIndex = 1; lastKnownFileType = text.xcconfig; name = "Pods-InstagramTT.release.xcconfig"; path = "Pods/Target Support Files/Pods-InstagramTT/Pods-InstagramTT.release.xcconfig"; sourceTree = "<group>"; };
		B4E0DC6BD3903B4B7850D138 /* Pods_InstagramTT.framework */ = {isa = PBXFileReference; explicitFileType = wrapper.framework; includeInIndex = 0; path = Pods_InstagramTT.framework; sourceTree = BUILT_PRODUCTS_DIR; };
		DC945CAC1F1A45FA00755246 /* InstagramTT.app */ = {isa = PBXFileReference; explicitFileType = wrapper.application; includeInIndex = 0; path = InstagramTT.app; sourceTree = BUILT_PRODUCTS_DIR; };
		DC945CB01F1A45FA00755246 /* main.m */ = {isa = PBXFileReference; lastKnownFileType = sourcecode.c.objc; path = main.m; sourceTree = "<group>"; };
		DC945CB21F1A45FA00755246 /* AppDelegate.h */ = {isa = PBXFileReference; lastKnownFileType = sourcecode.c.h; path = AppDelegate.h; sourceTree = "<group>"; };
		DC945CB31F1A45FA00755246 /* AppDelegate.m */ = {isa = PBXFileReference; lastKnownFileType = sourcecode.c.objc; path = AppDelegate.m; sourceTree = "<group>"; };
		DC945CB91F1A45FA00755246 /* Base */ = {isa = PBXFileReference; lastKnownFileType = file.storyboard; name = Base; path = Base.lproj/Main.storyboard; sourceTree = "<group>"; };
		DC945CBB1F1A45FA00755246 /* Assets.xcassets */ = {isa = PBXFileReference; lastKnownFileType = folder.assetcatalog; path = Assets.xcassets; sourceTree = "<group>"; };
		DC945CBE1F1A45FA00755246 /* Base */ = {isa = PBXFileReference; lastKnownFileType = file.storyboard; name = Base; path = Base.lproj/LaunchScreen.storyboard; sourceTree = "<group>"; };
		DC945CC01F1A45FA00755246 /* Info.plist */ = {isa = PBXFileReference; lastKnownFileType = text.plist.xml; path = Info.plist; sourceTree = "<group>"; };
		DC945CC51F1A45FA00755246 /* InstagramTTTests.xctest */ = {isa = PBXFileReference; explicitFileType = wrapper.cfbundle; includeInIndex = 0; path = InstagramTTTests.xctest; sourceTree = BUILT_PRODUCTS_DIR; };
		DC945CC91F1A45FA00755246 /* InstagramTTTests.m */ = {isa = PBXFileReference; lastKnownFileType = sourcecode.c.objc; path = InstagramTTTests.m; sourceTree = "<group>"; };
		DC945CCB1F1A45FA00755246 /* Info.plist */ = {isa = PBXFileReference; lastKnownFileType = text.plist.xml; path = Info.plist; sourceTree = "<group>"; };
		DC945CD51F1A4D8C00755246 /* PostSearchView.h */ = {isa = PBXFileReference; fileEncoding = 4; lastKnownFileType = sourcecode.c.h; path = PostSearchView.h; sourceTree = "<group>"; };
		DC945CD61F1A4D8C00755246 /* PostsSearchView.m */ = {isa = PBXFileReference; fileEncoding = 4; lastKnownFileType = sourcecode.c.objc; path = PostsSearchView.m; sourceTree = "<group>"; };
		DC945CD81F1A501000755246 /* PostSearchPresenter.m */ = {isa = PBXFileReference; fileEncoding = 4; lastKnownFileType = sourcecode.c.objc; path = PostSearchPresenter.m; sourceTree = "<group>"; };
		DC945CDA1F1A502500755246 /* PostSearchPresenter.h */ = {isa = PBXFileReference; lastKnownFileType = sourcecode.c.h; path = PostSearchPresenter.h; sourceTree = "<group>"; };
		DC945CDB1F1A52E600755246 /* PostSearchModel.h */ = {isa = PBXFileReference; fileEncoding = 4; lastKnownFileType = sourcecode.c.h; path = PostSearchModel.h; sourceTree = "<group>"; };
		DC945CDC1F1A52E600755246 /* PostSearchModel.m */ = {isa = PBXFileReference; fileEncoding = 4; lastKnownFileType = sourcecode.c.objc; path = PostSearchModel.m; sourceTree = "<group>"; };
		DC945CDF1F1A583A00755246 /* InstagramService.h */ = {isa = PBXFileReference; fileEncoding = 4; lastKnownFileType = sourcecode.c.h; path = InstagramService.h; sourceTree = "<group>"; };
		DC945CE01F1A583A00755246 /* InstagramService.m */ = {isa = PBXFileReference; fileEncoding = 4; lastKnownFileType = sourcecode.c.objc; path = InstagramService.m; sourceTree = "<group>"; };
		DC945CE21F1A5A0900755246 /* libAFNetworking.a */ = {isa = PBXFileReference; lastKnownFileType = archive.ar; name = libAFNetworking.a; path = "../../Library/Developer/Xcode/DerivedData/InstagramTT-fmpxapbramwyioagpxoywatnrzrl/Build/Products/Debug-iphonesimulator/AFNetworking/libAFNetworking.a"; sourceTree = "<group>"; };
		DC945CE41F1A5A6000755246 /* AFNetworking.framework */ = {isa = PBXFileReference; lastKnownFileType = wrapper.framework; name = AFNetworking.framework; path = "Pods/../build/Debug-iphoneos/AFNetworking/AFNetworking.framework"; sourceTree = "<group>"; };
		DC945CE71F1C10A300755246 /* LoginView.h */ = {isa = PBXFileReference; fileEncoding = 4; lastKnownFileType = sourcecode.c.h; path = LoginView.h; sourceTree = "<group>"; };
		DC945CE81F1C10A300755246 /* LoginView.m */ = {isa = PBXFileReference; fileEncoding = 4; lastKnownFileType = sourcecode.c.objc; path = LoginView.m; sourceTree = "<group>"; };
		DC945CEF1F1D0F7F00755246 /* Helpers.h */ = {isa = PBXFileReference; fileEncoding = 4; lastKnownFileType = sourcecode.c.h; path = Helpers.h; sourceTree = "<group>"; };
		DC945CF01F1D0F7F00755246 /* Helpers.m */ = {isa = PBXFileReference; fileEncoding = 4; lastKnownFileType = sourcecode.c.objc; path = Helpers.m; sourceTree = "<group>"; };
		DC945CF51F1D235E00755246 /* PostCell.h */ = {isa = PBXFileReference; fileEncoding = 4; lastKnownFileType = sourcecode.c.h; path = PostCell.h; sourceTree = "<group>"; };
		DC945CF61F1D235E00755246 /* PostCell.m */ = {isa = PBXFileReference; fileEncoding = 4; lastKnownFileType = sourcecode.c.objc; path = PostCell.m; sourceTree = "<group>"; };
		DC945CF71F1D235E00755246 /* PostCell.xib */ = {isa = PBXFileReference; fileEncoding = 4; lastKnownFileType = file.xib; path = PostCell.xib; sourceTree = "<group>"; };
		FC7A2C8C1B7B6BFC21328C99 /* Pods-InstagramTTTests.debug.xcconfig */ = {isa = PBXFileReference; includeInIndex = 1; lastKnownFileType = text.xcconfig; name = "Pods-InstagramTTTests.debug.xcconfig"; path = "Pods/Target Support Files/Pods-InstagramTTTests/Pods-InstagramTTTests.debug.xcconfig"; sourceTree = "<group>"; };
/* End PBXFileReference section */

/* Begin PBXFrameworksBuildPhase section */
		DC945CA91F1A45FA00755246 /* Frameworks */ = {
			isa = PBXFrameworksBuildPhase;
			buildActionMask = 2147483647;
			files = (
				CF5FE83DE7A4AF0F95E977BE /* Pods_InstagramTT.framework in Frameworks */,
			);
			runOnlyForDeploymentPostprocessing = 0;
		};
		DC945CC21F1A45FA00755246 /* Frameworks */ = {
			isa = PBXFrameworksBuildPhase;
			buildActionMask = 2147483647;
			files = (
				18AD9B6A98030EBFD11960BB /* Pods_InstagramTTTests.framework in Frameworks */,
			);
			runOnlyForDeploymentPostprocessing = 0;
		};
/* End PBXFrameworksBuildPhase section */

/* Begin PBXGroup section */
		42C7974FAF0F4EAB0CE9A6AE /* Pods */ = {
			isa = PBXGroup;
			children = (
				6916FCD72F758E91AD86B5BA /* Pods-InstagramTT.debug.xcconfig */,
				77981E872AA65A6F709E2DA4 /* Pods-InstagramTT.release.xcconfig */,
				FC7A2C8C1B7B6BFC21328C99 /* Pods-InstagramTTTests.debug.xcconfig */,
				3FC4BC7D5DB9EA3449BA0766 /* Pods-InstagramTTTests.release.xcconfig */,
			);
			name = Pods;
			sourceTree = "<group>";
		};
		DC945CA31F1A45FA00755246 = {
			isa = PBXGroup;
			children = (
				DC945CAE1F1A45FA00755246 /* InstagramTT */,
				DC945CC81F1A45FA00755246 /* InstagramTTTests */,
				DC945CAD1F1A45FA00755246 /* Products */,
				42C7974FAF0F4EAB0CE9A6AE /* Pods */,
				DF93975F7637F85E25DA64E0 /* Frameworks */,
			);
			sourceTree = "<group>";
		};
		DC945CAD1F1A45FA00755246 /* Products */ = {
			isa = PBXGroup;
			children = (
				DC945CAC1F1A45FA00755246 /* InstagramTT.app */,
				DC945CC51F1A45FA00755246 /* InstagramTTTests.xctest */,
			);
			name = Products;
			sourceTree = "<group>";
		};
		DC945CAE1F1A45FA00755246 /* InstagramTT */ = {
			isa = PBXGroup;
			children = (
				DC945CF21F1D22CB00755246 /* Views */,
				DC945CEE1F1D0F6100755246 /* Helpers */,
				DC945CDE1F1A56CE00755246 /* Services */,
				DC945CE61F1C105C00755246 /* Login */,
				DC945CD41F1A4CB100755246 /* PostSearch */,
				DC945CB21F1A45FA00755246 /* AppDelegate.h */,
				DC945CB31F1A45FA00755246 /* AppDelegate.m */,
				DC945CB81F1A45FA00755246 /* Main.storyboard */,
				DC945CBB1F1A45FA00755246 /* Assets.xcassets */,
				DC945CBD1F1A45FA00755246 /* LaunchScreen.storyboard */,
				DC945CC01F1A45FA00755246 /* Info.plist */,
				DC945CAF1F1A45FA00755246 /* Supporting Files */,
			);
			path = InstagramTT;
			sourceTree = "<group>";
		};
		DC945CAF1F1A45FA00755246 /* Supporting Files */ = {
			isa = PBXGroup;
			children = (
				DC945CB01F1A45FA00755246 /* main.m */,
			);
			name = "Supporting Files";
			sourceTree = "<group>";
		};
		DC945CC81F1A45FA00755246 /* InstagramTTTests */ = {
			isa = PBXGroup;
			children = (
				DC945CC91F1A45FA00755246 /* InstagramTTTests.m */,
				DC945CCB1F1A45FA00755246 /* Info.plist */,
			);
			path = InstagramTTTests;
			sourceTree = "<group>";
		};
		DC945CD41F1A4CB100755246 /* PostSearch */ = {
			isa = PBXGroup;
			children = (
				DC945CD51F1A4D8C00755246 /* PostSearchView.h */,
				DC945CD61F1A4D8C00755246 /* PostsSearchView.m */,
				DC945CDA1F1A502500755246 /* PostSearchPresenter.h */,
				DC945CD81F1A501000755246 /* PostSearchPresenter.m */,
				DC945CDB1F1A52E600755246 /* PostSearchModel.h */,
				DC945CDC1F1A52E600755246 /* PostSearchModel.m */,
			);
			name = PostSearch;
			sourceTree = "<group>";
		};
		DC945CDE1F1A56CE00755246 /* Services */ = {
			isa = PBXGroup;
			children = (
				DC945CDF1F1A583A00755246 /* InstagramService.h */,
				DC945CE01F1A583A00755246 /* InstagramService.m */,
			);
			name = Services;
			sourceTree = "<group>";
		};
		DC945CE61F1C105C00755246 /* Login */ = {
			isa = PBXGroup;
			children = (
				DC945CE71F1C10A300755246 /* LoginView.h */,
				DC945CE81F1C10A300755246 /* LoginView.m */,
			);
			name = Login;
			sourceTree = "<group>";
		};
		DC945CEE1F1D0F6100755246 /* Helpers */ = {
			isa = PBXGroup;
			children = (
				DC945CEF1F1D0F7F00755246 /* Helpers.h */,
				DC945CF01F1D0F7F00755246 /* Helpers.m */,
			);
			name = Helpers;
			sourceTree = "<group>";
		};
		DC945CF21F1D22CB00755246 /* Views */ = {
			isa = PBXGroup;
			children = (
				DC945CF31F1D22DB00755246 /* TableViewCells */,
			);
			name = Views;
			sourceTree = "<group>";
		};
		DC945CF31F1D22DB00755246 /* TableViewCells */ = {
			isa = PBXGroup;
			children = (
				DC945CF41F1D22E700755246 /* PostSearchCell */,
			);
			name = TableViewCells;
			sourceTree = "<group>";
		};
		DC945CF41F1D22E700755246 /* PostSearchCell */ = {
			isa = PBXGroup;
			children = (
				DC945CF51F1D235E00755246 /* PostCell.h */,
				DC945CF61F1D235E00755246 /* PostCell.m */,
				DC945CF71F1D235E00755246 /* PostCell.xib */,
			);
			name = PostSearchCell;
			sourceTree = "<group>";
		};
		DF93975F7637F85E25DA64E0 /* Frameworks */ = {
			isa = PBXGroup;
			children = (
				DC945CE41F1A5A6000755246 /* AFNetworking.framework */,
				DC945CE21F1A5A0900755246 /* libAFNetworking.a */,
				B4E0DC6BD3903B4B7850D138 /* Pods_InstagramTT.framework */,
				6CDFB6793CCFD113A8C98C0E /* Pods_InstagramTTTests.framework */,
			);
			name = Frameworks;
			sourceTree = "<group>";
		};
/* End PBXGroup section */

/* Begin PBXNativeTarget section */
		DC945CAB1F1A45FA00755246 /* InstagramTT */ = {
			isa = PBXNativeTarget;
			buildConfigurationList = DC945CCE1F1A45FA00755246 /* Build configuration list for PBXNativeTarget "InstagramTT" */;
			buildPhases = (
				85656367165765F512E131CD /* [CP] Check Pods Manifest.lock */,
				DC945CA81F1A45FA00755246 /* Sources */,
				DC945CA91F1A45FA00755246 /* Frameworks */,
				DC945CAA1F1A45FA00755246 /* Resources */,
				C2ABBF5F3665A33D57D8FD03 /* [CP] Embed Pods Frameworks */,
				1E0F0FB83F773A2C460B2883 /* [CP] Copy Pods Resources */,
			);
			buildRules = (
			);
			dependencies = (
			);
			name = InstagramTT;
			productName = InstagramTT;
			productReference = DC945CAC1F1A45FA00755246 /* InstagramTT.app */;
			productType = "com.apple.product-type.application";
		};
		DC945CC41F1A45FA00755246 /* InstagramTTTests */ = {
			isa = PBXNativeTarget;
			buildConfigurationList = DC945CD11F1A45FA00755246 /* Build configuration list for PBXNativeTarget "InstagramTTTests" */;
			buildPhases = (
				2796D635AE62198C16226A63 /* [CP] Check Pods Manifest.lock */,
				DC945CC11F1A45FA00755246 /* Sources */,
				DC945CC21F1A45FA00755246 /* Frameworks */,
				DC945CC31F1A45FA00755246 /* Resources */,
				7E34AFFDD6E172ED0F9E2D5C /* [CP] Embed Pods Frameworks */,
				5C6C10BE41C4A8100A5C461C /* [CP] Copy Pods Resources */,
			);
			buildRules = (
			);
			dependencies = (
				DC945CC71F1A45FA00755246 /* PBXTargetDependency */,
			);
			name = InstagramTTTests;
			productName = InstagramTTTests;
			productReference = DC945CC51F1A45FA00755246 /* InstagramTTTests.xctest */;
			productType = "com.apple.product-type.bundle.unit-test";
		};
/* End PBXNativeTarget section */

/* Begin PBXProject section */
		DC945CA41F1A45FA00755246 /* Project object */ = {
			isa = PBXProject;
			attributes = {
				LastUpgradeCheck = 0830;
				ORGANIZATIONNAME = "Ellina Kuznetcova";
				TargetAttributes = {
					DC945CAB1F1A45FA00755246 = {
						CreatedOnToolsVersion = 8.3.3;
						DevelopmentTeam = C9ZJ96D59R;
						ProvisioningStyle = Automatic;
					};
					DC945CC41F1A45FA00755246 = {
						CreatedOnToolsVersion = 8.3.3;
						DevelopmentTeam = C9ZJ96D59R;
						ProvisioningStyle = Automatic;
						TestTargetID = DC945CAB1F1A45FA00755246;
					};
				};
			};
			buildConfigurationList = DC945CA71F1A45FA00755246 /* Build configuration list for PBXProject "InstagramTT" */;
			compatibilityVersion = "Xcode 3.2";
			developmentRegion = English;
			hasScannedForEncodings = 0;
			knownRegions = (
				en,
				Base,
			);
			mainGroup = DC945CA31F1A45FA00755246;
			productRefGroup = DC945CAD1F1A45FA00755246 /* Products */;
			projectDirPath = "";
			projectRoot = "";
			targets = (
				DC945CAB1F1A45FA00755246 /* InstagramTT */,
				DC945CC41F1A45FA00755246 /* InstagramTTTests */,
			);
		};
/* End PBXProject section */

/* Begin PBXResourcesBuildPhase section */
		DC945CAA1F1A45FA00755246 /* Resources */ = {
			isa = PBXResourcesBuildPhase;
			buildActionMask = 2147483647;
			files = (
				DC945CBF1F1A45FA00755246 /* LaunchScreen.storyboard in Resources */,
				DC945CBC1F1A45FA00755246 /* Assets.xcassets in Resources */,
				DC945CBA1F1A45FA00755246 /* Main.storyboard in Resources */,
				DC945CF91F1D235E00755246 /* PostCell.xib in Resources */,
			);
			runOnlyForDeploymentPostprocessing = 0;
		};
		DC945CC31F1A45FA00755246 /* Resources */ = {
			isa = PBXResourcesBuildPhase;
			buildActionMask = 2147483647;
			files = (
			);
			runOnlyForDeploymentPostprocessing = 0;
		};
/* End PBXResourcesBuildPhase section */

/* Begin PBXShellScriptBuildPhase section */
		1E0F0FB83F773A2C460B2883 /* [CP] Copy Pods Resources */ = {
			isa = PBXShellScriptBuildPhase;
			buildActionMask = 2147483647;
			files = (
			);
			inputPaths = (
			);
			name = "[CP] Copy Pods Resources";
			outputPaths = (
			);
			runOnlyForDeploymentPostprocessing = 0;
			shellPath = /bin/sh;
			shellScript = "\"${SRCROOT}/Pods/Target Support Files/Pods-InstagramTT/Pods-InstagramTT-resources.sh\"\n";
			showEnvVarsInLog = 0;
		};
		2796D635AE62198C16226A63 /* [CP] Check Pods Manifest.lock */ = {
			isa = PBXShellScriptBuildPhase;
			buildActionMask = 2147483647;
			files = (
			);
			inputPaths = (
			);
			name = "[CP] Check Pods Manifest.lock";
			outputPaths = (
			);
			runOnlyForDeploymentPostprocessing = 0;
			shellPath = /bin/sh;
			shellScript = "diff \"${PODS_ROOT}/../Podfile.lock\" \"${PODS_ROOT}/Manifest.lock\" > /dev/null\nif [ $? != 0 ] ; then\n    # print error to STDERR\n    echo \"error: The sandbox is not in sync with the Podfile.lock. Run 'pod install' or update your CocoaPods installation.\" >&2\n    exit 1\nfi\n";
			showEnvVarsInLog = 0;
		};
		5C6C10BE41C4A8100A5C461C /* [CP] Copy Pods Resources */ = {
			isa = PBXShellScriptBuildPhase;
			buildActionMask = 2147483647;
			files = (
			);
			inputPaths = (
			);
			name = "[CP] Copy Pods Resources";
			outputPaths = (
			);
			runOnlyForDeploymentPostprocessing = 0;
			shellPath = /bin/sh;
			shellScript = "\"${SRCROOT}/Pods/Target Support Files/Pods-InstagramTTTests/Pods-InstagramTTTests-resources.sh\"\n";
			showEnvVarsInLog = 0;
		};
		7E34AFFDD6E172ED0F9E2D5C /* [CP] Embed Pods Frameworks */ = {
			isa = PBXShellScriptBuildPhase;
			buildActionMask = 2147483647;
			files = (
			);
			inputPaths = (
			);
			name = "[CP] Embed Pods Frameworks";
			outputPaths = (
			);
			runOnlyForDeploymentPostprocessing = 0;
			shellPath = /bin/sh;
			shellScript = "\"${SRCROOT}/Pods/Target Support Files/Pods-InstagramTTTests/Pods-InstagramTTTests-frameworks.sh\"\n";
			showEnvVarsInLog = 0;
		};
		85656367165765F512E131CD /* [CP] Check Pods Manifest.lock */ = {
			isa = PBXShellScriptBuildPhase;
			buildActionMask = 2147483647;
			files = (
			);
			inputPaths = (
			);
			name = "[CP] Check Pods Manifest.lock";
			outputPaths = (
			);
			runOnlyForDeploymentPostprocessing = 0;
			shellPath = /bin/sh;
			shellScript = "diff \"${PODS_ROOT}/../Podfile.lock\" \"${PODS_ROOT}/Manifest.lock\" > /dev/null\nif [ $? != 0 ] ; then\n    # print error to STDERR\n    echo \"error: The sandbox is not in sync with the Podfile.lock. Run 'pod install' or update your CocoaPods installation.\" >&2\n    exit 1\nfi\n";
			showEnvVarsInLog = 0;
		};
		C2ABBF5F3665A33D57D8FD03 /* [CP] Embed Pods Frameworks */ = {
			isa = PBXShellScriptBuildPhase;
			buildActionMask = 2147483647;
			files = (
			);
			inputPaths = (
			);
			name = "[CP] Embed Pods Frameworks";
			outputPaths = (
			);
			runOnlyForDeploymentPostprocessing = 0;
			shellPath = /bin/sh;
			shellScript = "\"${SRCROOT}/Pods/Target Support Files/Pods-InstagramTT/Pods-InstagramTT-frameworks.sh\"\n";
			showEnvVarsInLog = 0;
		};
/* End PBXShellScriptBuildPhase section */

/* Begin PBXSourcesBuildPhase section */
		DC945CA81F1A45FA00755246 /* Sources */ = {
			isa = PBXSourcesBuildPhase;
			buildActionMask = 2147483647;
			files = (
				DC945CF81F1D235E00755246 /* PostCell.m in Sources */,
				DC945CD91F1A501000755246 /* PostSearchPresenter.m in Sources */,
				DC945CB41F1A45FA00755246 /* AppDelegate.m in Sources */,
				DC945CE91F1C10A300755246 /* LoginView.m in Sources */,
				DC945CD71F1A4D8C00755246 /* PostsSearchView.m in Sources */,
				DC945CB11F1A45FA00755246 /* main.m in Sources */,
				DC945CE11F1A583A00755246 /* InstagramService.m in Sources */,
				DC945CDD1F1A52E600755246 /* PostSearchModel.m in Sources */,
				DC945CF11F1D0F7F00755246 /* Helpers.m in Sources */,
			);
			runOnlyForDeploymentPostprocessing = 0;
		};
		DC945CC11F1A45FA00755246 /* Sources */ = {
			isa = PBXSourcesBuildPhase;
			buildActionMask = 2147483647;
			files = (
				DC945CCA1F1A45FA00755246 /* InstagramTTTests.m in Sources */,
			);
			runOnlyForDeploymentPostprocessing = 0;
		};
/* End PBXSourcesBuildPhase section */

/* Begin PBXTargetDependency section */
		DC945CC71F1A45FA00755246 /* PBXTargetDependency */ = {
			isa = PBXTargetDependency;
			target = DC945CAB1F1A45FA00755246 /* InstagramTT */;
			targetProxy = DC945CC61F1A45FA00755246 /* PBXContainerItemProxy */;
		};
/* End PBXTargetDependency section */

/* Begin PBXVariantGroup section */
		DC945CB81F1A45FA00755246 /* Main.storyboard */ = {
			isa = PBXVariantGroup;
			children = (
				DC945CB91F1A45FA00755246 /* Base */,
			);
			name = Main.storyboard;
			sourceTree = "<group>";
		};
		DC945CBD1F1A45FA00755246 /* LaunchScreen.storyboard */ = {
			isa = PBXVariantGroup;
			children = (
				DC945CBE1F1A45FA00755246 /* Base */,
			);
			name = LaunchScreen.storyboard;
			sourceTree = "<group>";
		};
/* End PBXVariantGroup section */

/* Begin XCBuildConfiguration section */
		DC945CCC1F1A45FA00755246 /* Debug */ = {
			isa = XCBuildConfiguration;
			buildSettings = {
				ALWAYS_SEARCH_USER_PATHS = NO;
				CLANG_ANALYZER_NONNULL = YES;
				CLANG_ANALYZER_NUMBER_OBJECT_CONVERSION = YES_AGGRESSIVE;
				CLANG_CXX_LANGUAGE_STANDARD = "gnu++0x";
				CLANG_CXX_LIBRARY = "libc++";
				CLANG_ENABLE_MODULES = YES;
				CLANG_ENABLE_OBJC_ARC = YES;
				CLANG_WARN_BOOL_CONVERSION = YES;
				CLANG_WARN_CONSTANT_CONVERSION = YES;
				CLANG_WARN_DIRECT_OBJC_ISA_USAGE = YES_ERROR;
				CLANG_WARN_DOCUMENTATION_COMMENTS = YES;
				CLANG_WARN_EMPTY_BODY = YES;
				CLANG_WARN_ENUM_CONVERSION = YES;
				CLANG_WARN_INFINITE_RECURSION = YES;
				CLANG_WARN_INT_CONVERSION = YES;
				CLANG_WARN_OBJC_ROOT_CLASS = YES_ERROR;
				CLANG_WARN_SUSPICIOUS_MOVE = YES;
				CLANG_WARN_UNREACHABLE_CODE = YES;
				CLANG_WARN__DUPLICATE_METHOD_MATCH = YES;
				"CODE_SIGN_IDENTITY[sdk=iphoneos*]" = "iPhone Developer";
				COPY_PHASE_STRIP = NO;
				DEBUG_INFORMATION_FORMAT = dwarf;
				ENABLE_STRICT_OBJC_MSGSEND = YES;
				ENABLE_TESTABILITY = YES;
				GCC_C_LANGUAGE_STANDARD = gnu99;
				GCC_DYNAMIC_NO_PIC = NO;
				GCC_NO_COMMON_BLOCKS = YES;
				GCC_OPTIMIZATION_LEVEL = 0;
				GCC_PREPROCESSOR_DEFINITIONS = (
					"DEBUG=1",
					"$(inherited)",
				);
				GCC_WARN_64_TO_32_BIT_CONVERSION = YES;
				GCC_WARN_ABOUT_RETURN_TYPE = YES_ERROR;
				GCC_WARN_UNDECLARED_SELECTOR = YES;
				GCC_WARN_UNINITIALIZED_AUTOS = YES_AGGRESSIVE;
				GCC_WARN_UNUSED_FUNCTION = YES;
				GCC_WARN_UNUSED_VARIABLE = YES;
				IPHONEOS_DEPLOYMENT_TARGET = 10.3;
				MTL_ENABLE_DEBUG_INFO = YES;
				ONLY_ACTIVE_ARCH = YES;
				SDKROOT = iphoneos;
			};
			name = Debug;
		};
		DC945CCD1F1A45FA00755246 /* Release */ = {
			isa = XCBuildConfiguration;
			buildSettings = {
				ALWAYS_SEARCH_USER_PATHS = NO;
				CLANG_ANALYZER_NONNULL = YES;
				CLANG_ANALYZER_NUMBER_OBJECT_CONVERSION = YES_AGGRESSIVE;
				CLANG_CXX_LANGUAGE_STANDARD = "gnu++0x";
				CLANG_CXX_LIBRARY = "libc++";
				CLANG_ENABLE_MODULES = YES;
				CLANG_ENABLE_OBJC_ARC = YES;
				CLANG_WARN_BOOL_CONVERSION = YES;
				CLANG_WARN_CONSTANT_CONVERSION = YES;
				CLANG_WARN_DIRECT_OBJC_ISA_USAGE = YES_ERROR;
				CLANG_WARN_DOCUMENTATION_COMMENTS = YES;
				CLANG_WARN_EMPTY_BODY = YES;
				CLANG_WARN_ENUM_CONVERSION = YES;
				CLANG_WARN_INFINITE_RECURSION = YES;
				CLANG_WARN_INT_CONVERSION = YES;
				CLANG_WARN_OBJC_ROOT_CLASS = YES_ERROR;
				CLANG_WARN_SUSPICIOUS_MOVE = YES;
				CLANG_WARN_UNREACHABLE_CODE = YES;
				CLANG_WARN__DUPLICATE_METHOD_MATCH = YES;
				"CODE_SIGN_IDENTITY[sdk=iphoneos*]" = "iPhone Developer";
				COPY_PHASE_STRIP = NO;
				DEBUG_INFORMATION_FORMAT = "dwarf-with-dsym";
				ENABLE_NS_ASSERTIONS = NO;
				ENABLE_STRICT_OBJC_MSGSEND = YES;
				GCC_C_LANGUAGE_STANDARD = gnu99;
				GCC_NO_COMMON_BLOCKS = YES;
				GCC_WARN_64_TO_32_BIT_CONVERSION = YES;
				GCC_WARN_ABOUT_RETURN_TYPE = YES_ERROR;
				GCC_WARN_UNDECLARED_SELECTOR = YES;
				GCC_WARN_UNINITIALIZED_AUTOS = YES_AGGRESSIVE;
				GCC_WARN_UNUSED_FUNCTION = YES;
				GCC_WARN_UNUSED_VARIABLE = YES;
				IPHONEOS_DEPLOYMENT_TARGET = 10.3;
				MTL_ENABLE_DEBUG_INFO = NO;
				SDKROOT = iphoneos;
				VALIDATE_PRODUCT = YES;
			};
			name = Release;
		};
		DC945CCF1F1A45FA00755246 /* Debug */ = {
			isa = XCBuildConfiguration;
			baseConfigurationReference = 6916FCD72F758E91AD86B5BA /* Pods-InstagramTT.debug.xcconfig */;
			buildSettings = {
				ASSETCATALOG_COMPILER_APPICON_NAME = AppIcon;
				DEVELOPMENT_TEAM = C9ZJ96D59R;
				FRAMEWORK_SEARCH_PATHS = (
					"$(inherited)",
					"$(PROJECT_DIR)/build/Debug-iphoneos/AFNetworking",
				);
				INFOPLIST_FILE = InstagramTT/Info.plist;
				LD_RUNPATH_SEARCH_PATHS = "$(inherited) @executable_path/Frameworks";
				PRODUCT_BUNDLE_IDENTIFIER = com.ellinakuznetcova.InstagramTT;
				PRODUCT_NAME = "$(TARGET_NAME)";
			};
			name = Debug;
		};
		DC945CD01F1A45FA00755246 /* Release */ = {
			isa = XCBuildConfiguration;
			baseConfigurationReference = 77981E872AA65A6F709E2DA4 /* Pods-InstagramTT.release.xcconfig */;
			buildSettings = {
				ASSETCATALOG_COMPILER_APPICON_NAME = AppIcon;
				DEVELOPMENT_TEAM = C9ZJ96D59R;
				FRAMEWORK_SEARCH_PATHS = (
					"$(inherited)",
					"$(PROJECT_DIR)/build/Debug-iphoneos/AFNetworking",
				);
				INFOPLIST_FILE = InstagramTT/Info.plist;
				LD_RUNPATH_SEARCH_PATHS = "$(inherited) @executable_path/Frameworks";
				PRODUCT_BUNDLE_IDENTIFIER = com.ellinakuznetcova.InstagramTT;
				PRODUCT_NAME = "$(TARGET_NAME)";
			};
			name = Release;
		};
		DC945CD21F1A45FA00755246 /* Debug */ = {
			isa = XCBuildConfiguration;
			baseConfigurationReference = FC7A2C8C1B7B6BFC21328C99 /* Pods-InstagramTTTests.debug.xcconfig */;
			buildSettings = {
				BUNDLE_LOADER = "$(TEST_HOST)";
				DEVELOPMENT_TEAM = C9ZJ96D59R;
				INFOPLIST_FILE = InstagramTTTests/Info.plist;
				LD_RUNPATH_SEARCH_PATHS = "$(inherited) @executable_path/Frameworks @loader_path/Frameworks";
				PRODUCT_BUNDLE_IDENTIFIER = com.ellinakuznetcova.InstagramTTTests;
				PRODUCT_NAME = "$(TARGET_NAME)";
				TEST_HOST = "$(BUILT_PRODUCTS_DIR)/InstagramTT.app/InstagramTT";
			};
			name = Debug;
		};
		DC945CD31F1A45FA00755246 /* Release */ = {
			isa = XCBuildConfiguration;
			baseConfigurationReference = 3FC4BC7D5DB9EA3449BA0766 /* Pods-InstagramTTTests.release.xcconfig */;
			buildSettings = {
				BUNDLE_LOADER = "$(TEST_HOST)";
				DEVELOPMENT_TEAM = C9ZJ96D59R;
				INFOPLIST_FILE = InstagramTTTests/Info.plist;
				LD_RUNPATH_SEARCH_PATHS = "$(inherited) @executable_path/Frameworks @loader_path/Frameworks";
				PRODUCT_BUNDLE_IDENTIFIER = com.ellinakuznetcova.InstagramTTTests;
				PRODUCT_NAME = "$(TARGET_NAME)";
				TEST_HOST = "$(BUILT_PRODUCTS_DIR)/InstagramTT.app/InstagramTT";
			};
			name = Release;
		};
/* End XCBuildConfiguration section */

/* Begin XCConfigurationList section */
		DC945CA71F1A45FA00755246 /* Build configuration list for PBXProject "InstagramTT" */ = {
			isa = XCConfigurationList;
			buildConfigurations = (
				DC945CCC1F1A45FA00755246 /* Debug */,
				DC945CCD1F1A45FA00755246 /* Release */,
			);
			defaultConfigurationIsVisible = 0;
			defaultConfigurationName = Release;
		};
		DC945CCE1F1A45FA00755246 /* Build configuration list for PBXNativeTarget "InstagramTT" */ = {
			isa = XCConfigurationList;
			buildConfigurations = (
				DC945CCF1F1A45FA00755246 /* Debug */,
				DC945CD01F1A45FA00755246 /* Release */,
			);
			defaultConfigurationIsVisible = 0;
			defaultConfigurationName = Release;
		};
		DC945CD11F1A45FA00755246 /* Build configuration list for PBXNativeTarget "InstagramTTTests" */ = {
			isa = XCConfigurationList;
			buildConfigurations = (
				DC945CD21F1A45FA00755246 /* Debug */,
				DC945CD31F1A45FA00755246 /* Release */,
			);
			defaultConfigurationIsVisible = 0;
			defaultConfigurationName = Release;
		};
/* End XCConfigurationList section */
	};
	rootObject = DC945CA41F1A45FA00755246 /* Project object */;
}
